
Microsoft Visual Studio Solution File, Format Version 12.00
# Visual Studio Version 17
VisualStudioVersion = 17.8.34316.72
MinimumVisualStudioVersion = 10.0.40219.1
Project("{FAE04EC0-301F-11D3-BF4B-00C04F79EFBC}") = "CodeCoverage", "CodeCoverage\CodeCoverage.csproj", "{313E79C9-241E-429F-AF2F-9F217AAB79A7}"
EndProject
Project("{FAE04EC0-301F-11D3-BF4B-00C04F79EFBC}") = "CodeCoverage.UnitTests", "CodeCoverage.UnitTests\CodeCoverage.UnitTests.csproj", "{41B21D9F-7AD7-4F3A-97E9-2914E0FA3315}"
EndProject
Global
	GlobalSection(SolutionConfigurationPlatforms) = preSolution
		Debug|Any CPU = Debug|Any CPU
		Release|Any CPU = Release|Any CPU
	EndGlobalSection
	GlobalSection(ProjectConfigurationPlatforms) = postSolution
		{313E79C9-241E-429F-AF2F-9F217AAB79A7}.Debug|Any CPU.ActiveCfg = Debug|Any CPU
		{313E79C9-241E-429F-AF2F-9F217AAB79A7}.Debug|Any CPU.Build.0 = Debug|Any CPU
		{313E79C9-241E-429F-AF2F-9F217AAB79A7}.Release|Any CPU.ActiveCfg = Release|Any CPU
		{313E79C9-241E-429F-AF2F-9F217AAB79A7}.Release|Any CPU.Build.0 = Release|Any CPU
		{41B21D9F-7AD7-4F3A-97E9-2914E0FA3315}.Debug|Any CPU.ActiveCfg = Debug|Any CPU
		{41B21D9F-7AD7-4F3A-97E9-2914E0FA3315}.Debug|Any CPU.Build.0 = Debug|Any CPU
		{41B21D9F-7AD7-4F3A-97E9-2914E0FA3315}.Release|Any CPU.ActiveCfg = Release|Any CPU
		{41B21D9F-7AD7-4F3A-97E9-2914E0FA3315}.Release|Any CPU.Build.0 = Release|Any CPU
	EndGlobalSection
	GlobalSection(SolutionProperties) = preSolution
		HideSolutionNode = FALSE
	EndGlobalSection
	GlobalSection(ExtensibilityGlobals) = postSolution
		SolutionGuid = {14D90CA8-D83D-45B3-82C3-B43EDD3B0573}
	EndGlobalSection
EndGlobal
